// !$*UTF8*$!
{
	archiveVersion = 1;
	classes = {
	};
	objectVersion = 50;
	objects = {

/* Begin PBXBuildFile section */
		84F34435222AD9C8005E2ADC /* AppDelegate.swift in Sources */ = {isa = PBXBuildFile; fileRef = 84F34434222AD9C8005E2ADC /* AppDelegate.swift */; };
		84F34437222AD9C8005E2ADC /* ViewController.swift in Sources */ = {isa = PBXBuildFile; fileRef = 84F34436222AD9C8005E2ADC /* ViewController.swift */; };
		84F3443A222AD9C8005E2ADC /* Main.storyboard in Resources */ = {isa = PBXBuildFile; fileRef = 84F34438222AD9C8005E2ADC /* Main.storyboard */; };
		84F3443C222AD9C8005E2ADC /* Assets.xcassets in Resources */ = {isa = PBXBuildFile; fileRef = 84F3443B222AD9C8005E2ADC /* Assets.xcassets */; };
		84F3443F222AD9C8005E2ADC /* LaunchScreen.storyboard in Resources */ = {isa = PBXBuildFile; fileRef = 84F3443D222AD9C8005E2ADC /* LaunchScreen.storyboard */; };
		84F3444A222AD9C9005E2ADC /* Magic_8_BallTests.swift in Sources */ = {isa = PBXBuildFile; fileRef = 84F34449222AD9C9005E2ADC /* Magic_8_BallTests.swift */; };
		84F34455222AD9C9005E2ADC /* Magic_8_BallUITests.swift in Sources */ = {isa = PBXBuildFile; fileRef = 84F34454222AD9C9005E2ADC /* Magic_8_BallUITests.swift */; };
/* End PBXBuildFile section */

/* Begin PBXContainerItemProxy section */
		84F34446222AD9C9005E2ADC /* PBXContainerItemProxy */ = {
			isa = PBXContainerItemProxy;
			containerPortal = 84F34429222AD9C8005E2ADC /* Project object */;
			proxyType = 1;
			remoteGlobalIDString = 84F34430222AD9C8005E2ADC;
			remoteInfo = "Magic 8 Ball";
		};
		84F34451222AD9C9005E2ADC /* PBXContainerItemProxy */ = {
			isa = PBXContainerItemProxy;
			containerPortal = 84F34429222AD9C8005E2ADC /* Project object */;
			proxyType = 1;
			remoteGlobalIDString = 84F34430222AD9C8005E2ADC;
			remoteInfo = "Magic 8 Ball";
		};
/* End PBXContainerItemProxy section */

/* Begin PBXFileReference section */
		84F34431222AD9C8005E2ADC /* Magic 8 Ball.app */ = {isa = PBXFileReference; explicitFileType = wrapper.application; includeInIndex = 0; path = "Magic 8 Ball.app"; sourceTree = BUILT_PRODUCTS_DIR; };
		84F34434222AD9C8005E2ADC /* AppDelegate.swift */ = {isa = PBXFileReference; lastKnownFileType = sourcecode.swift; path = AppDelegate.swift; sourceTree = "<group>"; };
		84F34436222AD9C8005E2ADC /* ViewController.swift */ = {isa = PBXFileReference; lastKnownFileType = sourcecode.swift; path = ViewController.swift; sourceTree = "<group>"; };
		84F34439222AD9C8005E2ADC /* Base */ = {isa = PBXFileReference; lastKnownFileType = file.storyboard; name = Base; path = Base.lproj/Main.storyboard; sourceTree = "<group>"; };
		84F3443B222AD9C8005E2ADC /* Assets.xcassets */ = {isa = PBXFileReference; lastKnownFileType = folder.assetcatalog; path = Assets.xcassets; sourceTree = "<group>"; };
		84F3443E222AD9C8005E2ADC /* Base */ = {isa = PBXFileReference; lastKnownFileType = file.storyboard; name = Base; path = Base.lproj/LaunchScreen.storyboard; sourceTree = "<group>"; };
		84F34440222AD9C8005E2ADC /* Info.plist */ = {isa = PBXFileReference; lastKnownFileType = text.plist.xml; path = Info.plist; sourceTree = "<group>"; };
		84F34445222AD9C9005E2ADC /* Magic 8 BallTests.xctest */ = {isa = PBXFileReference; explicitFileType = wrapper.cfbundle; includeInIndex = 0; path = "Magic 8 BallTests.xctest"; sourceTree = BUILT_PRODUCTS_DIR; };
		84F34449222AD9C9005E2ADC /* Magic_8_BallTests.swift */ = {isa = PBXFileReference; lastKnownFileType = sourcecode.swift; path = Magic_8_BallTests.swift; sourceTree = "<group>"; };
		84F3444B222AD9C9005E2ADC /* Info.plist */ = {isa = PBXFileReference; lastKnownFileType = text.plist.xml; path = Info.plist; sourceTree = "<group>"; };
		84F34450222AD9C9005E2ADC /* Magic 8 BallUITests.xctest */ = {isa = PBXFileReference; explicitFileType = wrapper.cfbundle; includeInIndex = 0; path = "Magic 8 BallUITests.xctest"; sourceTree = BUILT_PRODUCTS_DIR; };
		84F34454222AD9C9005E2ADC /* Magic_8_BallUITests.swift */ = {isa = PBXFileReference; lastKnownFileType = sourcecode.swift; path = Magic_8_BallUITests.swift; sourceTree = "<group>"; };
		84F34456222AD9C9005E2ADC /* Info.plist */ = {isa = PBXFileReference; lastKnownFileType = text.plist.xml; path = Info.plist; sourceTree = "<group>"; };
/* End PBXFileReference section */

/* Begin PBXFrameworksBuildPhase section */
		84F3442E222AD9C8005E2ADC /* Frameworks */ = {
			isa = PBXFrameworksBuildPhase;
			buildActionMask = 2147483647;
			files = (
			);
			runOnlyForDeploymentPostprocessing = 0;
		};
		84F34442222AD9C9005E2ADC /* Frameworks */ = {
			isa = PBXFrameworksBuildPhase;
			buildActionMask = 2147483647;
			files = (
			);
			runOnlyForDeploymentPostprocessing = 0;
		};
		84F3444D222AD9C9005E2ADC /* Frameworks */ = {
			isa = PBXFrameworksBuildPhase;
			buildActionMask = 2147483647;
			files = (
			);
			runOnlyForDeploymentPostprocessing = 0;
		};
/* End PBXFrameworksBuildPhase section */

/* Begin PBXGroup section */
		84F34428222AD9C8005E2ADC = {
			isa = PBXGroup;
			children = (
				84F34433222AD9C8005E2ADC /* Magic 8 Ball */,
				84F34448222AD9C9005E2ADC /* Magic 8 BallTests */,
				84F34453222AD9C9005E2ADC /* Magic 8 BallUITests */,
				84F34432222AD9C8005E2ADC /* Products */,
			);
			sourceTree = "<group>";
		};
		84F34432222AD9C8005E2ADC /* Products */ = {
			isa = PBXGroup;
			children = (
				84F34431222AD9C8005E2ADC /* Magic 8 Ball.app */,
				84F34445222AD9C9005E2ADC /* Magic 8 BallTests.xctest */,
				84F34450222AD9C9005E2ADC /* Magic 8 BallUITests.xctest */,
			);
			name = Products;
			sourceTree = "<group>";
		};
		84F34433222AD9C8005E2ADC /* Magic 8 Ball */ = {
			isa = PBXGroup;
			children = (
				84F34434222AD9C8005E2ADC /* AppDelegate.swift */,
				84F34436222AD9C8005E2ADC /* ViewController.swift */,
				84F34438222AD9C8005E2ADC /* Main.storyboard */,
				84F3443B222AD9C8005E2ADC /* Assets.xcassets */,
				84F3443D222AD9C8005E2ADC /* LaunchScreen.storyboard */,
				84F34440222AD9C8005E2ADC /* Info.plist */,
			);
			path = "Magic 8 Ball";
			sourceTree = "<group>";
		};
		84F34448222AD9C9005E2ADC /* Magic 8 BallTests */ = {
			isa = PBXGroup;
			children = (
				84F34449222AD9C9005E2ADC /* Magic_8_BallTests.swift */,
				84F3444B222AD9C9005E2ADC /* Info.plist */,
			);
			path = "Magic 8 BallTests";
			sourceTree = "<group>";
		};
		84F34453222AD9C9005E2ADC /* Magic 8 BallUITests */ = {
			isa = PBXGroup;
			children = (
				84F34454222AD9C9005E2ADC /* Magic_8_BallUITests.swift */,
				84F34456222AD9C9005E2ADC /* Info.plist */,
			);
			path = "Magic 8 BallUITests";
			sourceTree = "<group>";
		};
/* End PBXGroup section */

/* Begin PBXNativeTarget section */
		84F34430222AD9C8005E2ADC /* Magic 8 Ball */ = {
			isa = PBXNativeTarget;
			buildConfigurationList = 84F34459222AD9C9005E2ADC /* Build configuration list for PBXNativeTarget "Magic 8 Ball" */;
			buildPhases = (
				84F3442D222AD9C8005E2ADC /* Sources */,
				84F3442E222AD9C8005E2ADC /* Frameworks */,
				84F3442F222AD9C8005E2ADC /* Resources */,
			);
			buildRules = (
			);
			dependencies = (
			);
			name = "Magic 8 Ball";
			productName = "Magic 8 Ball";
			productReference = 84F34431222AD9C8005E2ADC /* Magic 8 Ball.app */;
			productType = "com.apple.product-type.application";
		};
		84F34444222AD9C9005E2ADC /* Magic 8 BallTests */ = {
			isa = PBXNativeTarget;
			buildConfigurationList = 84F3445C222AD9C9005E2ADC /* Build configuration list for PBXNativeTarget "Magic 8 BallTests" */;
			buildPhases = (
				84F34441222AD9C9005E2ADC /* Sources */,
				84F34442222AD9C9005E2ADC /* Frameworks */,
				84F34443222AD9C9005E2ADC /* Resources */,
			);
			buildRules = (
			);
			dependencies = (
				84F34447222AD9C9005E2ADC /* PBXTargetDependency */,
			);
			name = "Magic 8 BallTests";
			productName = "Magic 8 BallTests";
			productReference = 84F34445222AD9C9005E2ADC /* Magic 8 BallTests.xctest */;
			productType = "com.apple.product-type.bundle.unit-test";
		};
		84F3444F222AD9C9005E2ADC /* Magic 8 BallUITests */ = {
			isa = PBXNativeTarget;
			buildConfigurationList = 84F3445F222AD9C9005E2ADC /* Build configuration list for PBXNativeTarget "Magic 8 BallUITests" */;
			buildPhases = (
				84F3444C222AD9C9005E2ADC /* Sources */,
				84F3444D222AD9C9005E2ADC /* Frameworks */,
				84F3444E222AD9C9005E2ADC /* Resources */,
			);
			buildRules = (
			);
			dependencies = (
				84F34452222AD9C9005E2ADC /* PBXTargetDependency */,
			);
			name = "Magic 8 BallUITests";
			productName = "Magic 8 BallUITests";
			productReference = 84F34450222AD9C9005E2ADC /* Magic 8 BallUITests.xctest */;
			productType = "com.apple.product-type.bundle.ui-testing";
		};
/* End PBXNativeTarget section */

/* Begin PBXProject section */
		84F34429222AD9C8005E2ADC /* Project object */ = {
			isa = PBXProject;
			attributes = {
				LastSwiftUpdateCheck = 1010;
				LastUpgradeCheck = 1010;
				ORGANIZATIONNAME = com.jasonrattos;
				TargetAttributes = {
					84F34430222AD9C8005E2ADC = {
						CreatedOnToolsVersion = 10.1;
					};
					84F34444222AD9C9005E2ADC = {
						CreatedOnToolsVersion = 10.1;
						TestTargetID = 84F34430222AD9C8005E2ADC;
					};
					84F3444F222AD9C9005E2ADC = {
						CreatedOnToolsVersion = 10.1;
						TestTargetID = 84F34430222AD9C8005E2ADC;
					};
				};
			};
			buildConfigurationList = 84F3442C222AD9C8005E2ADC /* Build configuration list for PBXProject "Magic 8 Ball" */;
			compatibilityVersion = "Xcode 9.3";
			developmentRegion = en;
			hasScannedForEncodings = 0;
			knownRegions = (
				en,
				Base,
			);
			mainGroup = 84F34428222AD9C8005E2ADC;
			productRefGroup = 84F34432222AD9C8005E2ADC /* Products */;
			projectDirPath = "";
			projectRoot = "";
			targets = (
				84F34430222AD9C8005E2ADC /* Magic 8 Ball */,
				84F34444222AD9C9005E2ADC /* Magic 8 BallTests */,
				84F3444F222AD9C9005E2ADC /* Magic 8 BallUITests */,
			);
		};
/* End PBXProject section */

/* Begin PBXResourcesBuildPhase section */
		84F3442F222AD9C8005E2ADC /* Resources */ = {
			isa = PBXResourcesBuildPhase;
			buildActionMask = 2147483647;
			files = (
				84F3443F222AD9C8005E2ADC /* LaunchScreen.storyboard in Resources */,
				84F3443C222AD9C8005E2ADC /* Assets.xcassets in Resources */,
				84F3443A222AD9C8005E2ADC /* Main.storyboard in Resources */,
			);
			runOnlyForDeploymentPostprocessing = 0;
		};
		84F34443222AD9C9005E2ADC /* Resources */ = {
			isa = PBXResourcesBuildPhase;
			buildActionMask = 2147483647;
			files = (
			);
			runOnlyForDeploymentPostprocessing = 0;
		};
		84F3444E222AD9C9005E2ADC /* Resources */ = {
			isa = PBXResourcesBuildPhase;
			buildActionMask = 2147483647;
			files = (
			);
			runOnlyForDeploymentPostprocessing = 0;
		};
/* End PBXResourcesBuildPhase section */

/* Begin PBXSourcesBuildPhase section */
		84F3442D222AD9C8005E2ADC /* Sources */ = {
			isa = PBXSourcesBuildPhase;
			buildActionMask = 2147483647;
			files = (
				84F34437222AD9C8005E2ADC /* ViewController.swift in Sources */,
				84F34435222AD9C8005E2ADC /* AppDelegate.swift in Sources */,
			);
			runOnlyForDeploymentPostprocessing = 0;
		};
		84F34441222AD9C9005E2ADC /* Sources */ = {
			isa = PBXSourcesBuildPhase;
			buildActionMask = 2147483647;
			files = (
				84F3444A222AD9C9005E2ADC /* Magic_8_BallTests.swift in Sources */,
			);
			runOnlyForDeploymentPostprocessing = 0;
		};
		84F3444C222AD9C9005E2ADC /* Sources */ = {
			isa = PBXSourcesBuildPhase;
			buildActionMask = 2147483647;
			files = (
				84F34455222AD9C9005E2ADC /* Magic_8_BallUITests.swift in Sources */,
			);
			runOnlyForDeploymentPostprocessing = 0;
		};
/* End PBXSourcesBuildPhase section */

/* Begin PBXTargetDependency section */
		84F34447222AD9C9005E2ADC /* PBXTargetDependency */ = {
			isa = PBXTargetDependency;
			target = 84F34430222AD9C8005E2ADC /* Magic 8 Ball */;
			targetProxy = 84F34446222AD9C9005E2ADC /* PBXContainerItemProxy */;
		};
		84F34452222AD9C9005E2ADC /* PBXTargetDependency */ = {
			isa = PBXTargetDependency;
			target = 84F34430222AD9C8005E2ADC /* Magic 8 Ball */;
			targetProxy = 84F34451222AD9C9005E2ADC /* PBXContainerItemProxy */;
		};
/* End PBXTargetDependency section */

/* Begin PBXVariantGroup section */
		84F34438222AD9C8005E2ADC /* Main.storyboard */ = {
			isa = PBXVariantGroup;
			children = (
				84F34439222AD9C8005E2ADC /* Base */,
			);
			name = Main.storyboard;
			sourceTree = "<group>";
		};
		84F3443D222AD9C8005E2ADC /* LaunchScreen.storyboard */ = {
			isa = PBXVariantGroup;
			children = (
				84F3443E222AD9C8005E2ADC /* Base */,
			);
			name = LaunchScreen.storyboard;
			sourceTree = "<group>";
		};
/* End PBXVariantGroup section */

/* Begin XCBuildConfiguration section */
		84F34457222AD9C9005E2ADC /* Debug */ = {
			isa = XCBuildConfiguration;
			buildSettings = {
				ALWAYS_SEARCH_USER_PATHS = NO;
				CLANG_ANALYZER_NONNULL = YES;
				CLANG_ANALYZER_NUMBER_OBJECT_CONVERSION = YES_AGGRESSIVE;
				CLANG_CXX_LANGUAGE_STANDARD = "gnu++14";
				CLANG_CXX_LIBRARY = "libc++";
				CLANG_ENABLE_MODULES = YES;
				CLANG_ENABLE_OBJC_ARC = YES;
				CLANG_ENABLE_OBJC_WEAK = YES;
				CLANG_WARN_BLOCK_CAPTURE_AUTORELEASING = YES;
				CLANG_WARN_BOOL_CONVERSION = YES;
				CLANG_WARN_COMMA = YES;
				CLANG_WARN_CONSTANT_CONVERSION = YES;
				CLANG_WARN_DEPRECATED_OBJC_IMPLEMENTATIONS = YES;
				CLANG_WARN_DIRECT_OBJC_ISA_USAGE = YES_ERROR;
				CLANG_WARN_DOCUMENTATION_COMMENTS = YES;
				CLANG_WARN_EMPTY_BODY = YES;
				CLANG_WARN_ENUM_CONVERSION = YES;
				CLANG_WARN_INFINITE_RECURSION = YES;
				CLANG_WARN_INT_CONVERSION = YES;
				CLANG_WARN_NON_LITERAL_NULL_CONVERSION = YES;
				CLANG_WARN_OBJC_IMPLICIT_RETAIN_SELF = YES;
				CLANG_WARN_OBJC_LITERAL_CONVERSION = YES;
				CLANG_WARN_OBJC_ROOT_CLASS = YES_ERROR;
				CLANG_WARN_RANGE_LOOP_ANALYSIS = YES;
				CLANG_WARN_STRICT_PROTOTYPES = YES;
				CLANG_WARN_SUSPICIOUS_MOVE = YES;
				CLANG_WARN_UNGUARDED_AVAILABILITY = YES_AGGRESSIVE;
				CLANG_WARN_UNREACHABLE_CODE = YES;
				CLANG_WARN__DUPLICATE_METHOD_MATCH = YES;
				CODE_SIGN_IDENTITY = "iPhone Developer";
				COPY_PHASE_STRIP = NO;
				DEBUG_INFORMATION_FORMAT = dwarf;
				ENABLE_STRICT_OBJC_MSGSEND = YES;
				ENABLE_TESTABILITY = YES;
				GCC_C_LANGUAGE_STANDARD = gnu11;
				GCC_DYNAMIC_NO_PIC = NO;
				GCC_NO_COMMON_BLOCKS = YES;
				GCC_OPTIMIZATION_LEVEL = 0;
				GCC_PREPROCESSOR_DEFINITIONS = (
					"DEBUG=1",
					"$(inherited)",
				);
				GCC_WARN_64_TO_32_BIT_CONVERSION = YES;
				GCC_WARN_ABOUT_RETURN_TYPE = YES_ERROR;
				GCC_WARN_UNDECLARED_SELECTOR = YES;
				GCC_WARN_UNINITIALIZED_AUTOS = YES_AGGRESSIVE;
				GCC_WARN_UNUSED_FUNCTION = YES;
				GCC_WARN_UNUSED_VARIABLE = YES;
				IPHONEOS_DEPLOYMENT_TARGET = 12.1;
				MTL_ENABLE_DEBUG_INFO = INCLUDE_SOURCE;
				MTL_FAST_MATH = YES;
				ONLY_ACTIVE_ARCH = YES;
				SDKROOT = iphoneos;
				SWIFT_ACTIVE_COMPILATION_CONDITIONS = DEBUG;
				SWIFT_OPTIMIZATION_LEVEL = "-Onone";
			};
			name = Debug;
		};
		84F34458222AD9C9005E2ADC /* Release */ = {
			isa = XCBuildConfiguration;
			buildSettings = {
				ALWAYS_SEARCH_USER_PATHS = NO;
				CLANG_ANALYZER_NONNULL = YES;
				CLANG_ANALYZER_NUMBER_OBJECT_CONVERSION = YES_AGGRESSIVE;
				CLANG_CXX_LANGUAGE_STANDARD = "gnu++14";
				CLANG_CXX_LIBRARY = "libc++";
				CLANG_ENABLE_MODULES = YES;
				CLANG_ENABLE_OBJC_ARC = YES;
				CLANG_ENABLE_OBJC_WEAK = YES;
				CLANG_WARN_BLOCK_CAPTURE_AUTORELEASING = YES;
				CLANG_WARN_BOOL_CONVERSION = YES;
				CLANG_WARN_COMMA = YES;
				CLANG_WARN_CONSTANT_CONVERSION = YES;
				CLANG_WARN_DEPRECATED_OBJC_IMPLEMENTATIONS = YES;
				CLANG_WARN_DIRECT_OBJC_ISA_USAGE = YES_ERROR;
				CLANG_WARN_DOCUMENTATION_COMMENTS = YES;
				CLANG_WARN_EMPTY_BODY = YES;
				CLANG_WARN_ENUM_CONVERSION = YES;
				CLANG_WARN_INFINITE_RECURSION = YES;
				CLANG_WARN_INT_CONVERSION = YES;
				CLANG_WARN_NON_LITERAL_NULL_CONVERSION = YES;
				CLANG_WARN_OBJC_IMPLICIT_RETAIN_SELF = YES;
				CLANG_WARN_OBJC_LITERAL_CONVERSION = YES;
				CLANG_WARN_OBJC_ROOT_CLASS = YES_ERROR;
				CLANG_WARN_RANGE_LOOP_ANALYSIS = YES;
				CLANG_WARN_STRICT_PROTOTYPES = YES;
				CLANG_WARN_SUSPICIOUS_MOVE = YES;
				CLANG_WARN_UNGUARDED_AVAILABILITY = YES_AGGRESSIVE;
				CLANG_WARN_UNREACHABLE_CODE = YES;
				CLANG_WARN__DUPLICATE_METHOD_MATCH = YES;
				CODE_SIGN_IDENTITY = "iPhone Developer";
				COPY_PHASE_STRIP = NO;
				DEBUG_INFORMATION_FORMAT = "dwarf-with-dsym";
				ENABLE_NS_ASSERTIONS = NO;
				ENABLE_STRICT_OBJC_MSGSEND = YES;
				GCC_C_LANGUAGE_STANDARD = gnu11;
				GCC_NO_COMMON_BLOCKS = YES;
				GCC_WARN_64_TO_32_BIT_CONVERSION = YES;
				GCC_WARN_ABOUT_RETURN_TYPE = YES_ERROR;
				GCC_WARN_UNDECLARED_SELECTOR = YES;
				GCC_WARN_UNINITIALIZED_AUTOS = YES_AGGRESSIVE;
				GCC_WARN_UNUSED_FUNCTION = YES;
				GCC_WARN_UNUSED_VARIABLE = YES;
				IPHONEOS_DEPLOYMENT_TARGET = 12.1;
				MTL_ENABLE_DEBUG_INFO = NO;
				MTL_FAST_MATH = YES;
				SDKROOT = iphoneos;
				SWIFT_COMPILATION_MODE = wholemodule;
				SWIFT_OPTIMIZATION_LEVEL = "-O";
				VALIDATE_PRODUCT = YES;
			};
			name = Release;
		};
		84F3445A222AD9C9005E2ADC /* Debug */ = {
			isa = XCBuildConfiguration;
			buildSettings = {
				ASSETCATALOG_COMPILER_APPICON_NAME = AppIcon;
				CODE_SIGN_STYLE = Automatic;
				DEVELOPMENT_TEAM = 44GT4FK344;
				INFOPLIST_FILE = "Magic 8 Ball/Info.plist";
				LD_RUNPATH_SEARCH_PATHS = (
					"$(inherited)",
					"@executable_path/Frameworks",
				);
				PRODUCT_BUNDLE_IDENTIFIER = "com.jasonrattos.Magic-8-Ball";
				PRODUCT_NAME = "$(TARGET_NAME)";
				SWIFT_VERSION = 4.2;
				TARGETED_DEVICE_FAMILY = "1,2";
			};
			name = Debug;
		};
		84F3445B222AD9C9005E2ADC /* Release */ = {
			isa = XCBuildConfiguration;
			buildSettings = {
				ASSETCATALOG_COMPILER_APPICON_NAME = AppIcon;
				CODE_SIGN_STYLE = Automatic;
				DEVELOPMENT_TEAM = 44GT4FK344;
				INFOPLIST_FILE = "Magic 8 Ball/Info.plist";
				LD_RUNPATH_SEARCH_PATHS = (
					"$(inherited)",
					"@executable_path/Frameworks",
				);
				PRODUCT_BUNDLE_IDENTIFIER = "com.jasonrattos.Magic-8-Ball";
				PRODUCT_NAME = "$(TARGET_NAME)";
				SWIFT_VERSION = 4.2;
				TARGETED_DEVICE_FAMILY = "1,2";
			};
			name = Release;
		};
		84F3445D222AD9C9005E2ADC /* Debug */ = {
			isa = XCBuildConfiguration;
			buildSettings = {
				ALWAYS_EMBED_SWIFT_STANDARD_LIBRARIES = YES;
				BUNDLE_LOADER = "$(TEST_HOST)";
				CODE_SIGN_STYLE = Automatic;
				DEVELOPMENT_TEAM = 44GT4FK344;
				INFOPLIST_FILE = "Magic 8 BallTests/Info.plist";
				LD_RUNPATH_SEARCH_PATHS = (
					"$(inherited)",
					"@executable_path/Frameworks",
					"@loader_path/Frameworks",
				);
				PRODUCT_BUNDLE_IDENTIFIER = "com.jasonrattos.Magic-8-BallTests";
				PRODUCT_NAME = "$(TARGET_NAME)";
				SWIFT_VERSION = 4.2;
				TARGETED_DEVICE_FAMILY = "1,2";
				TEST_HOST = "$(BUILT_PRODUCTS_DIR)/Magic 8 Ball.app/Magic 8 Ball";
			};
			name = Debug;
		};
		84F3445E222AD9C9005E2ADC /* Release */ = {
			isa = XCBuildConfiguration;
			buildSettings = {
				ALWAYS_EMBED_SWIFT_STANDARD_LIBRARIES = YES;
				BUNDLE_LOADER = "$(TEST_HOST)";
				CODE_SIGN_STYLE = Automatic;
				DEVELOPMENT_TEAM = 44GT4FK344;
				INFOPLIST_FILE = "Magic 8 BallTests/Info.plist";
				LD_RUNPATH_SEARCH_PATHS = (
					"$(inherited)",
					"@executable_path/Frameworks",
					"@loader_path/Frameworks",
				);
				PRODUCT_BUNDLE_IDENTIFIER = "com.jasonrattos.Magic-8-BallTests";
				PRODUCT_NAME = "$(TARGET_NAME)";
				SWIFT_VERSION = 4.2;
				TARGETED_DEVICE_FAMILY = "1,2";
				TEST_HOST = "$(BUILT_PRODUCTS_DIR)/Magic 8 Ball.app/Magic 8 Ball";
			};
			name = Release;
		};
		84F34460222AD9C9005E2ADC /* Debug */ = {
			isa = XCBuildConfiguration;
			buildSettings = {
				ALWAYS_EMBED_SWIFT_STANDARD_LIBRARIES = YES;
				CODE_SIGN_STYLE = Automatic;
				DEVELOPMENT_TEAM = 44GT4FK344;
				INFOPLIST_FILE = "Magic 8 BallUITests/Info.plist";
				LD_RUNPATH_SEARCH_PATHS = (
					"$(inherited)",
					"@executable_path/Frameworks",
					"@loader_path/Frameworks",
				);
				PRODUCT_BUNDLE_IDENTIFIER = "com.jasonrattos.Magic-8-BallUITests";
				PRODUCT_NAME = "$(TARGET_NAME)";
				SWIFT_VERSION = 4.2;
				TARGETED_DEVICE_FAMILY = "1,2";
				TEST_TARGET_NAME = "Magic 8 Ball";
			};
			name = Debug;
		};
		84F34461222AD9C9005E2ADC /* Release */ = {
			isa = XCBuildConfiguration;
			buildSettings = {
				ALWAYS_EMBED_SWIFT_STANDARD_LIBRARIES = YES;
				CODE_SIGN_STYLE = Automatic;
				DEVELOPMENT_TEAM = 44GT4FK344;
				INFOPLIST_FILE = "Magic 8 BallUITests/Info.plist";
				LD_RUNPATH_SEARCH_PATHS = (
					"$(inherited)",
					"@executable_path/Frameworks",
					"@loader_path/Frameworks",
				);
				PRODUCT_BUNDLE_IDENTIFIER = "com.jasonrattos.Magic-8-BallUITests";
				PRODUCT_NAME = "$(TARGET_NAME)";
				SWIFT_VERSION = 4.2;
				TARGETED_DEVICE_FAMILY = "1,2";
				TEST_TARGET_NAME = "Magic 8 Ball";
			};
			name = Release;
		};
/* End XCBuildConfiguration section */

/* Begin XCConfigurationList section */
		84F3442C222AD9C8005E2ADC /* Build configuration list for PBXProject "Magic 8 Ball" */ = {
			isa = XCConfigurationList;
			buildConfigurations = (
				84F34457222AD9C9005E2ADC /* Debug */,
				84F34458222AD9C9005E2ADC /* Release */,
			);
			defaultConfigurationIsVisible = 0;
			defaultConfigurationName = Release;
		};
		84F34459222AD9C9005E2ADC /* Build configuration list for PBXNativeTarget "Magic 8 Ball" */ = {
			isa = XCConfigurationList;
			buildConfigurations = (
				84F3445A222AD9C9005E2ADC /* Debug */,
				84F3445B222AD9C9005E2ADC /* Release */,
			);
			defaultConfigurationIsVisible = 0;
			defaultConfigurationName = Release;
		};
		84F3445C222AD9C9005E2ADC /* Build configuration list for PBXNativeTarget "Magic 8 BallTests" */ = {
			isa = XCConfigurationList;
			buildConfigurations = (
				84F3445D222AD9C9005E2ADC /* Debug */,
				84F3445E222AD9C9005E2ADC /* Release */,
			);
			defaultConfigurationIsVisible = 0;
			defaultConfigurationName = Release;
		};
		84F3445F222AD9C9005E2ADC /* Build configuration list for PBXNativeTarget "Magic 8 BallUITests" */ = {
			isa = XCConfigurationList;
			buildConfigurations = (
				84F34460222AD9C9005E2ADC /* Debug */,
				84F34461222AD9C9005E2ADC /* Release */,
			);
			defaultConfigurationIsVisible = 0;
			defaultConfigurationName = Release;
		};
/* End XCConfigurationList section */
	};
	rootObject = 84F34429222AD9C8005E2ADC /* Project object */;
}
